// !$*UTF8*$!
{
	archiveVersion = 1;
	classes = {
	};
	objectVersion = 46;
	objects = {

/* Begin PBXBuildFile section */
		8BD307961BD55D2A00D35685 /* MemeTableViewController.swift in Sources */ = {isa = PBXBuildFile; fileRef = 8BD307951BD55D2A00D35685 /* MemeTableViewController.swift */; };
		8BD307981BD55D4900D35685 /* MemeTableViewCell.swift in Sources */ = {isa = PBXBuildFile; fileRef = 8BD307971BD55D4900D35685 /* MemeTableViewCell.swift */; };
		8BD3079A1BD55D5B00D35685 /* MemeCollectionViewController.swift in Sources */ = {isa = PBXBuildFile; fileRef = 8BD307991BD55D5B00D35685 /* MemeCollectionViewController.swift */; };
		8BD3079C1BD55D6F00D35685 /* MemeCollectionViewCell.swift in Sources */ = {isa = PBXBuildFile; fileRef = 8BD3079B1BD55D6F00D35685 /* MemeCollectionViewCell.swift */; };
		8BD3079E1BD55D8600D35685 /* DetailViewController.swift in Sources */ = {isa = PBXBuildFile; fileRef = 8BD3079D1BD55D8600D35685 /* DetailViewController.swift */; };
		8BFA1E951BCDE31500BDBB17 /* AppDelegate.swift in Sources */ = {isa = PBXBuildFile; fileRef = 8BFA1E941BCDE31500BDBB17 /* AppDelegate.swift */; };
		8BFA1E971BCDE31500BDBB17 /* MemeEditorViewController.swift in Sources */ = {isa = PBXBuildFile; fileRef = 8BFA1E961BCDE31500BDBB17 /* MemeEditorViewController.swift */; };
		8BFA1E9A1BCDE31500BDBB17 /* Main.storyboard in Resources */ = {isa = PBXBuildFile; fileRef = 8BFA1E981BCDE31500BDBB17 /* Main.storyboard */; };
		8BFA1E9C1BCDE31500BDBB17 /* Assets.xcassets in Resources */ = {isa = PBXBuildFile; fileRef = 8BFA1E9B1BCDE31500BDBB17 /* Assets.xcassets */; };
		8BFA1E9F1BCDE31500BDBB17 /* LaunchScreen.storyboard in Resources */ = {isa = PBXBuildFile; fileRef = 8BFA1E9D1BCDE31500BDBB17 /* LaunchScreen.storyboard */; };
		8BFA1EAA1BCDE31500BDBB17 /* meme_v2Tests.swift in Sources */ = {isa = PBXBuildFile; fileRef = 8BFA1EA91BCDE31500BDBB17 /* meme_v2Tests.swift */; };
		8BFA1EB51BCDE31500BDBB17 /* meme_v2UITests.swift in Sources */ = {isa = PBXBuildFile; fileRef = 8BFA1EB41BCDE31500BDBB17 /* meme_v2UITests.swift */; };
		8BFA1EC31BCDEF5100BDBB17 /* MemeStruct.swift in Sources */ = {isa = PBXBuildFile; fileRef = 8BFA1EC21BCDEF5100BDBB17 /* MemeStruct.swift */; };
/* End PBXBuildFile section */

/* Begin PBXContainerItemProxy section */
		8BFA1EA61BCDE31500BDBB17 /* PBXContainerItemProxy */ = {
			isa = PBXContainerItemProxy;
			containerPortal = 8BFA1E891BCDE31500BDBB17 /* Project object */;
			proxyType = 1;
			remoteGlobalIDString = 8BFA1E901BCDE31500BDBB17;
			remoteInfo = meme_v2;
		};
		8BFA1EB11BCDE31500BDBB17 /* PBXContainerItemProxy */ = {
			isa = PBXContainerItemProxy;
			containerPortal = 8BFA1E891BCDE31500BDBB17 /* Project object */;
			proxyType = 1;
			remoteGlobalIDString = 8BFA1E901BCDE31500BDBB17;
			remoteInfo = meme_v2;
		};
/* End PBXContainerItemProxy section */

/* Begin PBXFileReference section */
		8BD307951BD55D2A00D35685 /* MemeTableViewController.swift */ = {isa = PBXFileReference; fileEncoding = 4; lastKnownFileType = sourcecode.swift; path = MemeTableViewController.swift; sourceTree = "<group>"; };
		8BD307971BD55D4900D35685 /* MemeTableViewCell.swift */ = {isa = PBXFileReference; fileEncoding = 4; lastKnownFileType = sourcecode.swift; path = MemeTableViewCell.swift; sourceTree = "<group>"; };
		8BD307991BD55D5B00D35685 /* MemeCollectionViewController.swift */ = {isa = PBXFileReference; fileEncoding = 4; lastKnownFileType = sourcecode.swift; path = MemeCollectionViewController.swift; sourceTree = "<group>"; };
		8BD3079B1BD55D6F00D35685 /* MemeCollectionViewCell.swift */ = {isa = PBXFileReference; fileEncoding = 4; lastKnownFileType = sourcecode.swift; path = MemeCollectionViewCell.swift; sourceTree = "<group>"; };
		8BD3079D1BD55D8600D35685 /* DetailViewController.swift */ = {isa = PBXFileReference; fileEncoding = 4; lastKnownFileType = sourcecode.swift; path = DetailViewController.swift; sourceTree = "<group>"; };
		8BFA1E911BCDE31500BDBB17 /* meme_v2.app */ = {isa = PBXFileReference; explicitFileType = wrapper.application; includeInIndex = 0; path = meme_v2.app; sourceTree = BUILT_PRODUCTS_DIR; };
		8BFA1E941BCDE31500BDBB17 /* AppDelegate.swift */ = {isa = PBXFileReference; lastKnownFileType = sourcecode.swift; path = AppDelegate.swift; sourceTree = "<group>"; };
		8BFA1E961BCDE31500BDBB17 /* MemeEditorViewController.swift */ = {isa = PBXFileReference; lastKnownFileType = sourcecode.swift; path = MemeEditorViewController.swift; sourceTree = "<group>"; };
		8BFA1E991BCDE31500BDBB17 /* Base */ = {isa = PBXFileReference; lastKnownFileType = file.storyboard; name = Base; path = Base.lproj/Main.storyboard; sourceTree = "<group>"; };
		8BFA1E9B1BCDE31500BDBB17 /* Assets.xcassets */ = {isa = PBXFileReference; lastKnownFileType = folder.assetcatalog; path = Assets.xcassets; sourceTree = "<group>"; };
		8BFA1E9E1BCDE31500BDBB17 /* Base */ = {isa = PBXFileReference; lastKnownFileType = file.storyboard; name = Base; path = Base.lproj/LaunchScreen.storyboard; sourceTree = "<group>"; };
		8BFA1EA01BCDE31500BDBB17 /* Info.plist */ = {isa = PBXFileReference; lastKnownFileType = text.plist.xml; path = Info.plist; sourceTree = "<group>"; };
		8BFA1EA51BCDE31500BDBB17 /* meme_v2Tests.xctest */ = {isa = PBXFileReference; explicitFileType = wrapper.cfbundle; includeInIndex = 0; path = meme_v2Tests.xctest; sourceTree = BUILT_PRODUCTS_DIR; };
		8BFA1EA91BCDE31500BDBB17 /* meme_v2Tests.swift */ = {isa = PBXFileReference; lastKnownFileType = sourcecode.swift; path = meme_v2Tests.swift; sourceTree = "<group>"; };
		8BFA1EAB1BCDE31500BDBB17 /* Info.plist */ = {isa = PBXFileReference; lastKnownFileType = text.plist.xml; path = Info.plist; sourceTree = "<group>"; };
		8BFA1EB01BCDE31500BDBB17 /* meme_v2UITests.xctest */ = {isa = PBXFileReference; explicitFileType = wrapper.cfbundle; includeInIndex = 0; path = meme_v2UITests.xctest; sourceTree = BUILT_PRODUCTS_DIR; };
		8BFA1EB41BCDE31500BDBB17 /* meme_v2UITests.swift */ = {isa = PBXFileReference; lastKnownFileType = sourcecode.swift; path = meme_v2UITests.swift; sourceTree = "<group>"; };
		8BFA1EB61BCDE31500BDBB17 /* Info.plist */ = {isa = PBXFileReference; lastKnownFileType = text.plist.xml; path = Info.plist; sourceTree = "<group>"; };
		8BFA1EC21BCDEF5100BDBB17 /* MemeStruct.swift */ = {isa = PBXFileReference; fileEncoding = 4; lastKnownFileType = sourcecode.swift; path = MemeStruct.swift; sourceTree = "<group>"; };
/* End PBXFileReference section */

/* Begin PBXFrameworksBuildPhase section */
		8BFA1E8E1BCDE31500BDBB17 /* Frameworks */ = {
			isa = PBXFrameworksBuildPhase;
			buildActionMask = 2147483647;
			files = (
			);
			runOnlyForDeploymentPostprocessing = 0;
		};
		8BFA1EA21BCDE31500BDBB17 /* Frameworks */ = {
			isa = PBXFrameworksBuildPhase;
			buildActionMask = 2147483647;
			files = (
			);
			runOnlyForDeploymentPostprocessing = 0;
		};
		8BFA1EAD1BCDE31500BDBB17 /* Frameworks */ = {
			isa = PBXFrameworksBuildPhase;
			buildActionMask = 2147483647;
			files = (
			);
			runOnlyForDeploymentPostprocessing = 0;
		};
/* End PBXFrameworksBuildPhase section */

/* Begin PBXGroup section */
		8BFA1E881BCDE31500BDBB17 = {
			isa = PBXGroup;
			children = (
				8BFA1E931BCDE31500BDBB17 /* meme_v2 */,
				8BFA1EA81BCDE31500BDBB17 /* meme_v2Tests */,
				8BFA1EB31BCDE31500BDBB17 /* meme_v2UITests */,
				8BFA1E921BCDE31500BDBB17 /* Products */,
			);
			sourceTree = "<group>";
		};
		8BFA1E921BCDE31500BDBB17 /* Products */ = {
			isa = PBXGroup;
			children = (
				8BFA1E911BCDE31500BDBB17 /* meme_v2.app */,
				8BFA1EA51BCDE31500BDBB17 /* meme_v2Tests.xctest */,
				8BFA1EB01BCDE31500BDBB17 /* meme_v2UITests.xctest */,
			);
			name = Products;
			sourceTree = "<group>";
		};
		8BFA1E931BCDE31500BDBB17 /* meme_v2 */ = {
			isa = PBXGroup;
			children = (
				8BFA1E941BCDE31500BDBB17 /* AppDelegate.swift */,
				8BFA1EC21BCDEF5100BDBB17 /* MemeStruct.swift */,
				8BD307951BD55D2A00D35685 /* MemeTableViewController.swift */,
				8BD307971BD55D4900D35685 /* MemeTableViewCell.swift */,
				8BD307991BD55D5B00D35685 /* MemeCollectionViewController.swift */,
				8BD3079B1BD55D6F00D35685 /* MemeCollectionViewCell.swift */,
				8BFA1E961BCDE31500BDBB17 /* MemeEditorViewController.swift */,
				8BFA1E981BCDE31500BDBB17 /* Main.storyboard */,
				8BD3079D1BD55D8600D35685 /* DetailViewController.swift */,
				8BFA1E9B1BCDE31500BDBB17 /* Assets.xcassets */,
				8BFA1E9D1BCDE31500BDBB17 /* LaunchScreen.storyboard */,
				8BFA1EA01BCDE31500BDBB17 /* Info.plist */,
			);
			path = meme_v2;
			sourceTree = "<group>";
		};
		8BFA1EA81BCDE31500BDBB17 /* meme_v2Tests */ = {
			isa = PBXGroup;
			children = (
				8BFA1EA91BCDE31500BDBB17 /* meme_v2Tests.swift */,
				8BFA1EAB1BCDE31500BDBB17 /* Info.plist */,
			);
			path = meme_v2Tests;
			sourceTree = "<group>";
		};
		8BFA1EB31BCDE31500BDBB17 /* meme_v2UITests */ = {
			isa = PBXGroup;
			children = (
				8BFA1EB41BCDE31500BDBB17 /* meme_v2UITests.swift */,
				8BFA1EB61BCDE31500BDBB17 /* Info.plist */,
			);
			path = meme_v2UITests;
			sourceTree = "<group>";
		};
/* End PBXGroup section */

/* Begin PBXNativeTarget section */
		8BFA1E901BCDE31500BDBB17 /* meme_v2 */ = {
			isa = PBXNativeTarget;
			buildConfigurationList = 8BFA1EB91BCDE31500BDBB17 /* Build configuration list for PBXNativeTarget "meme_v2" */;
			buildPhases = (
				8BFA1E8D1BCDE31500BDBB17 /* Sources */,
				8BFA1E8E1BCDE31500BDBB17 /* Frameworks */,
				8BFA1E8F1BCDE31500BDBB17 /* Resources */,
			);
			buildRules = (
			);
			dependencies = (
			);
			name = meme_v2;
			productName = meme_v2;
			productReference = 8BFA1E911BCDE31500BDBB17 /* meme_v2.app */;
			productType = "com.apple.product-type.application";
		};
		8BFA1EA41BCDE31500BDBB17 /* meme_v2Tests */ = {
			isa = PBXNativeTarget;
			buildConfigurationList = 8BFA1EBC1BCDE31500BDBB17 /* Build configuration list for PBXNativeTarget "meme_v2Tests" */;
			buildPhases = (
				8BFA1EA11BCDE31500BDBB17 /* Sources */,
				8BFA1EA21BCDE31500BDBB17 /* Frameworks */,
				8BFA1EA31BCDE31500BDBB17 /* Resources */,
			);
			buildRules = (
			);
			dependencies = (
				8BFA1EA71BCDE31500BDBB17 /* PBXTargetDependency */,
			);
			name = meme_v2Tests;
			productName = meme_v2Tests;
			productReference = 8BFA1EA51BCDE31500BDBB17 /* meme_v2Tests.xctest */;
			productType = "com.apple.product-type.bundle.unit-test";
		};
		8BFA1EAF1BCDE31500BDBB17 /* meme_v2UITests */ = {
			isa = PBXNativeTarget;
			buildConfigurationList = 8BFA1EBF1BCDE31500BDBB17 /* Build configuration list for PBXNativeTarget "meme_v2UITests" */;
			buildPhases = (
				8BFA1EAC1BCDE31500BDBB17 /* Sources */,
				8BFA1EAD1BCDE31500BDBB17 /* Frameworks */,
				8BFA1EAE1BCDE31500BDBB17 /* Resources */,
			);
			buildRules = (
			);
			dependencies = (
				8BFA1EB21BCDE31500BDBB17 /* PBXTargetDependency */,
			);
			name = meme_v2UITests;
			productName = meme_v2UITests;
			productReference = 8BFA1EB01BCDE31500BDBB17 /* meme_v2UITests.xctest */;
			productType = "com.apple.product-type.bundle.ui-testing";
		};
/* End PBXNativeTarget section */

/* Begin PBXProject section */
		8BFA1E891BCDE31500BDBB17 /* Project object */ = {
			isa = PBXProject;
			attributes = {
				LastUpgradeCheck = 0700;
				ORGANIZATIONNAME = "greymatter-home";
				TargetAttributes = {
					8BFA1E901BCDE31500BDBB17 = {
						CreatedOnToolsVersion = 7.0.1;
						DevelopmentTeam = 7385PSVS54;
					};
					8BFA1EA41BCDE31500BDBB17 = {
						CreatedOnToolsVersion = 7.0.1;
						TestTargetID = 8BFA1E901BCDE31500BDBB17;
					};
					8BFA1EAF1BCDE31500BDBB17 = {
						CreatedOnToolsVersion = 7.0.1;
						TestTargetID = 8BFA1E901BCDE31500BDBB17;
					};
				};
			};
			buildConfigurationList = 8BFA1E8C1BCDE31500BDBB17 /* Build configuration list for PBXProject "meme_v2" */;
			compatibilityVersion = "Xcode 3.2";
			developmentRegion = English;
			hasScannedForEncodings = 0;
			knownRegions = (
				en,
				Base,
			);
			mainGroup = 8BFA1E881BCDE31500BDBB17;
			productRefGroup = 8BFA1E921BCDE31500BDBB17 /* Products */;
			projectDirPath = "";
			projectRoot = "";
			targets = (
				8BFA1E901BCDE31500BDBB17 /* meme_v2 */,
				8BFA1EA41BCDE31500BDBB17 /* meme_v2Tests */,
				8BFA1EAF1BCDE31500BDBB17 /* meme_v2UITests */,
			);
		};
/* End PBXProject section */

/* Begin PBXResourcesBuildPhase section */
		8BFA1E8F1BCDE31500BDBB17 /* Resources */ = {
			isa = PBXResourcesBuildPhase;
			buildActionMask = 2147483647;
			files = (
				8BFA1E9F1BCDE31500BDBB17 /* LaunchScreen.storyboard in Resources */,
				8BFA1E9C1BCDE31500BDBB17 /* Assets.xcassets in Resources */,
				8BFA1E9A1BCDE31500BDBB17 /* Main.storyboard in Resources */,
			);
			runOnlyForDeploymentPostprocessing = 0;
		};
		8BFA1EA31BCDE31500BDBB17 /* Resources */ = {
			isa = PBXResourcesBuildPhase;
			buildActionMask = 2147483647;
			files = (
			);
			runOnlyForDeploymentPostprocessing = 0;
		};
		8BFA1EAE1BCDE31500BDBB17 /* Resources */ = {
			isa = PBXResourcesBuildPhase;
			buildActionMask = 2147483647;
			files = (
			);
			runOnlyForDeploymentPostprocessing = 0;
		};
/* End PBXResourcesBuildPhase section */

/* Begin PBXSourcesBuildPhase section */
		8BFA1E8D1BCDE31500BDBB17 /* Sources */ = {
			isa = PBXSourcesBuildPhase;
			buildActionMask = 2147483647;
			files = (
				8BFA1EC31BCDEF5100BDBB17 /* MemeStruct.swift in Sources */,
				8BFA1E971BCDE31500BDBB17 /* MemeEditorViewController.swift in Sources */,
				8BD307981BD55D4900D35685 /* MemeTableViewCell.swift in Sources */,
				8BFA1E951BCDE31500BDBB17 /* AppDelegate.swift in Sources */,
				8BD3079C1BD55D6F00D35685 /* MemeCollectionViewCell.swift in Sources */,
				8BD3079A1BD55D5B00D35685 /* MemeCollectionViewController.swift in Sources */,
				8BD307961BD55D2A00D35685 /* MemeTableViewController.swift in Sources */,
				8BD3079E1BD55D8600D35685 /* DetailViewController.swift in Sources */,
			);
			runOnlyForDeploymentPostprocessing = 0;
		};
		8BFA1EA11BCDE31500BDBB17 /* Sources */ = {
			isa = PBXSourcesBuildPhase;
			buildActionMask = 2147483647;
			files = (
				8BFA1EAA1BCDE31500BDBB17 /* meme_v2Tests.swift in Sources */,
			);
			runOnlyForDeploymentPostprocessing = 0;
		};
		8BFA1EAC1BCDE31500BDBB17 /* Sources */ = {
			isa = PBXSourcesBuildPhase;
			buildActionMask = 2147483647;
			files = (
				8BFA1EB51BCDE31500BDBB17 /* meme_v2UITests.swift in Sources */,
			);
			runOnlyForDeploymentPostprocessing = 0;
		};
/* End PBXSourcesBuildPhase section */

/* Begin PBXTargetDependency section */
		8BFA1EA71BCDE31500BDBB17 /* PBXTargetDependency */ = {
			isa = PBXTargetDependency;
			target = 8BFA1E901BCDE31500BDBB17 /* meme_v2 */;
			targetProxy = 8BFA1EA61BCDE31500BDBB17 /* PBXContainerItemProxy */;
		};
		8BFA1EB21BCDE31500BDBB17 /* PBXTargetDependency */ = {
			isa = PBXTargetDependency;
			target = 8BFA1E901BCDE31500BDBB17 /* meme_v2 */;
			targetProxy = 8BFA1EB11BCDE31500BDBB17 /* PBXContainerItemProxy */;
		};
/* End PBXTargetDependency section */

/* Begin PBXVariantGroup section */
		8BFA1E981BCDE31500BDBB17 /* Main.storyboard */ = {
			isa = PBXVariantGroup;
			children = (
				8BFA1E991BCDE31500BDBB17 /* Base */,
			);
			name = Main.storyboard;
			sourceTree = "<group>";
		};
		8BFA1E9D1BCDE31500BDBB17 /* LaunchScreen.storyboard */ = {
			isa = PBXVariantGroup;
			children = (
				8BFA1E9E1BCDE31500BDBB17 /* Base */,
			);
			name = LaunchScreen.storyboard;
			sourceTree = "<group>";
		};
/* End PBXVariantGroup section */

/* Begin XCBuildConfiguration section */
		8BFA1EB71BCDE31500BDBB17 /* Debug */ = {
			isa = XCBuildConfiguration;
			buildSettings = {
				ALWAYS_SEARCH_USER_PATHS = NO;
				CLANG_CXX_LANGUAGE_STANDARD = "gnu++0x";
				CLANG_CXX_LIBRARY = "libc++";
				CLANG_ENABLE_MODULES = YES;
				CLANG_ENABLE_OBJC_ARC = YES;
				CLANG_WARN_BOOL_CONVERSION = YES;
				CLANG_WARN_CONSTANT_CONVERSION = YES;
				CLANG_WARN_DIRECT_OBJC_ISA_USAGE = YES_ERROR;
				CLANG_WARN_EMPTY_BODY = YES;
				CLANG_WARN_ENUM_CONVERSION = YES;
				CLANG_WARN_INT_CONVERSION = YES;
				CLANG_WARN_OBJC_ROOT_CLASS = YES_ERROR;
				CLANG_WARN_UNREACHABLE_CODE = YES;
				CLANG_WARN__DUPLICATE_METHOD_MATCH = YES;
				"CODE_SIGN_IDENTITY[sdk=iphoneos*]" = "iPhone Developer";
				COPY_PHASE_STRIP = NO;
				DEBUG_INFORMATION_FORMAT = dwarf;
				ENABLE_STRICT_OBJC_MSGSEND = YES;
				ENABLE_TESTABILITY = YES;
				GCC_C_LANGUAGE_STANDARD = gnu99;
				GCC_DYNAMIC_NO_PIC = NO;
				GCC_NO_COMMON_BLOCKS = YES;
				GCC_OPTIMIZATION_LEVEL = 0;
				GCC_PREPROCESSOR_DEFINITIONS = (
					"DEBUG=1",
					"$(inherited)",
				);
				GCC_WARN_64_TO_32_BIT_CONVERSION = YES;
				GCC_WARN_ABOUT_RETURN_TYPE = YES_ERROR;
				GCC_WARN_UNDECLARED_SELECTOR = YES;
				GCC_WARN_UNINITIALIZED_AUTOS = YES_AGGRESSIVE;
				GCC_WARN_UNUSED_FUNCTION = YES;
				GCC_WARN_UNUSED_VARIABLE = YES;
				IPHONEOS_DEPLOYMENT_TARGET = 9.0;
				MTL_ENABLE_DEBUG_INFO = YES;
				ONLY_ACTIVE_ARCH = YES;
				SDKROOT = iphoneos;
				SWIFT_OPTIMIZATION_LEVEL = "-Onone";
				TARGETED_DEVICE_FAMILY = "1,2";
			};
			name = Debug;
		};
		8BFA1EB81BCDE31500BDBB17 /* Release */ = {
			isa = XCBuildConfiguration;
			buildSettings = {
				ALWAYS_SEARCH_USER_PATHS = NO;
				CLANG_CXX_LANGUAGE_STANDARD = "gnu++0x";
				CLANG_CXX_LIBRARY = "libc++";
				CLANG_ENABLE_MODULES = YES;
				CLANG_ENABLE_OBJC_ARC = YES;
				CLANG_WARN_BOOL_CONVERSION = YES;
				CLANG_WARN_CONSTANT_CONVERSION = YES;
				CLANG_WARN_DIRECT_OBJC_ISA_USAGE = YES_ERROR;
				CLANG_WARN_EMPTY_BODY = YES;
				CLANG_WARN_ENUM_CONVERSION = YES;
				CLANG_WARN_INT_CONVERSION = YES;
				CLANG_WARN_OBJC_ROOT_CLASS = YES_ERROR;
				CLANG_WARN_UNREACHABLE_CODE = YES;
				CLANG_WARN__DUPLICATE_METHOD_MATCH = YES;
				"CODE_SIGN_IDENTITY[sdk=iphoneos*]" = "iPhone Developer";
				COPY_PHASE_STRIP = NO;
				DEBUG_INFORMATION_FORMAT = "dwarf-with-dsym";
				ENABLE_NS_ASSERTIONS = NO;
				ENABLE_STRICT_OBJC_MSGSEND = YES;
				GCC_C_LANGUAGE_STANDARD = gnu99;
				GCC_NO_COMMON_BLOCKS = YES;
				GCC_WARN_64_TO_32_BIT_CONVERSION = YES;
				GCC_WARN_ABOUT_RETURN_TYPE = YES_ERROR;
				GCC_WARN_UNDECLARED_SELECTOR = YES;
				GCC_WARN_UNINITIALIZED_AUTOS = YES_AGGRESSIVE;
				GCC_WARN_UNUSED_FUNCTION = YES;
				GCC_WARN_UNUSED_VARIABLE = YES;
				IPHONEOS_DEPLOYMENT_TARGET = 9.0;
				MTL_ENABLE_DEBUG_INFO = NO;
				SDKROOT = iphoneos;
				TARGETED_DEVICE_FAMILY = "1,2";
				VALIDATE_PRODUCT = YES;
			};
			name = Release;
		};
		8BFA1EBA1BCDE31500BDBB17 /* Debug */ = {
			isa = XCBuildConfiguration;
			buildSettings = {
				ASSETCATALOG_COMPILER_APPICON_NAME = AppIcon;
				CODE_SIGN_IDENTITY = "iPhone Developer";
				"CODE_SIGN_IDENTITY[sdk=iphoneos*]" = "iPhone Developer";
				INFOPLIST_FILE = meme_v2/Info.plist;
				IPHONEOS_DEPLOYMENT_TARGET = 9.1;
				LD_RUNPATH_SEARCH_PATHS = "$(inherited) @executable_path/Frameworks";
				PRODUCT_BUNDLE_IDENTIFIER = "greymatter.meme-v2";
				PRODUCT_NAME = "$(TARGET_NAME)";
				PROVISIONING_PROFILE = "";
			};
			name = Debug;
		};
		8BFA1EBB1BCDE31500BDBB17 /* Release */ = {
			isa = XCBuildConfiguration;
			buildSettings = {
				ASSETCATALOG_COMPILER_APPICON_NAME = AppIcon;
				CODE_SIGN_IDENTITY = "iPhone Developer";
				"CODE_SIGN_IDENTITY[sdk=iphoneos*]" = "iPhone Developer";
				INFOPLIST_FILE = meme_v2/Info.plist;
				IPHONEOS_DEPLOYMENT_TARGET = 9.1;
				LD_RUNPATH_SEARCH_PATHS = "$(inherited) @executable_path/Frameworks";
				PRODUCT_BUNDLE_IDENTIFIER = "greymatter.meme-v2";
				PRODUCT_NAME = "$(TARGET_NAME)";
				PROVISIONING_PROFILE = "";
			};
			name = Release;
		};
		8BFA1EBD1BCDE31500BDBB17 /* Debug */ = {
			isa = XCBuildConfiguration;
			buildSettings = {
				BUNDLE_LOADER = "$(TEST_HOST)";
				INFOPLIST_FILE = meme_v2Tests/Info.plist;
				LD_RUNPATH_SEARCH_PATHS = "$(inherited) @executable_path/Frameworks @loader_path/Frameworks";
				PRODUCT_BUNDLE_IDENTIFIER = "greymatter.meme-v2Tests";
				PRODUCT_NAME = "$(TARGET_NAME)";
				TEST_HOST = "$(BUILT_PRODUCTS_DIR)/meme_v2.app/meme_v2";
			};
			name = Debug;
		};
		8BFA1EBE1BCDE31500BDBB17 /* Release */ = {
			isa = XCBuildConfiguration;
			buildSettings = {
				BUNDLE_LOADER = "$(TEST_HOST)";
				INFOPLIST_FILE = meme_v2Tests/Info.plist;
				LD_RUNPATH_SEARCH_PATHS = "$(inherited) @executable_path/Frameworks @loader_path/Frameworks";
				PRODUCT_BUNDLE_IDENTIFIER = "greymatter.meme-v2Tests";
				PRODUCT_NAME = "$(TARGET_NAME)";
				TEST_HOST = "$(BUILT_PRODUCTS_DIR)/meme_v2.app/meme_v2";
			};
			name = Release;
		};
		8BFA1EC01BCDE31500BDBB17 /* Debug */ = {
			isa = XCBuildConfiguration;
			buildSettings = {
				INFOPLIST_FILE = meme_v2UITests/Info.plist;
				LD_RUNPATH_SEARCH_PATHS = "$(inherited) @executable_path/Frameworks @loader_path/Frameworks";
				PRODUCT_BUNDLE_IDENTIFIER = "greymatter.meme-v2UITests";
				PRODUCT_NAME = "$(TARGET_NAME)";
				TEST_TARGET_NAME = meme_v2;
				USES_XCTRUNNER = YES;
			};
			name = Debug;
		};
		8BFA1EC11BCDE31500BDBB17 /* Release */ = {
			isa = XCBuildConfiguration;
			buildSettings = {
				INFOPLIST_FILE = meme_v2UITests/Info.plist;
				LD_RUNPATH_SEARCH_PATHS = "$(inherited) @executable_path/Frameworks @loader_path/Frameworks";
				PRODUCT_BUNDLE_IDENTIFIER = "greymatter.meme-v2UITests";
				PRODUCT_NAME = "$(TARGET_NAME)";
				TEST_TARGET_NAME = meme_v2;
				USES_XCTRUNNER = YES;
			};
			name = Release;
		};
/* End XCBuildConfiguration section */

/* Begin XCConfigurationList section */
		8BFA1E8C1BCDE31500BDBB17 /* Build configuration list for PBXProject "meme_v2" */ = {
			isa = XCConfigurationList;
			buildConfigurations = (
				8BFA1EB71BCDE31500BDBB17 /* Debug */,
				8BFA1EB81BCDE31500BDBB17 /* Release */,
			);
			defaultConfigurationIsVisible = 0;
			defaultConfigurationName = Release;
		};
		8BFA1EB91BCDE31500BDBB17 /* Build configuration list for PBXNativeTarget "meme_v2" */ = {
			isa = XCConfigurationList;
			buildConfigurations = (
				8BFA1EBA1BCDE31500BDBB17 /* Debug */,
				8BFA1EBB1BCDE31500BDBB17 /* Release */,
			);
			defaultConfigurationIsVisible = 0;
			defaultConfigurationName = Release;
		};
		8BFA1EBC1BCDE31500BDBB17 /* Build configuration list for PBXNativeTarget "meme_v2Tests" */ = {
			isa = XCConfigurationList;
			buildConfigurations = (
				8BFA1EBD1BCDE31500BDBB17 /* Debug */,
				8BFA1EBE1BCDE31500BDBB17 /* Release */,
			);
			defaultConfigurationIsVisible = 0;
			defaultConfigurationName = Release;
		};
		8BFA1EBF1BCDE31500BDBB17 /* Build configuration list for PBXNativeTarget "meme_v2UITests" */ = {
			isa = XCConfigurationList;
			buildConfigurations = (
				8BFA1EC01BCDE31500BDBB17 /* Debug */,
				8BFA1EC11BCDE31500BDBB17 /* Release */,
			);
			defaultConfigurationIsVisible = 0;
			defaultConfigurationName = Release;
		};
/* End XCConfigurationList section */
	};
	rootObject = 8BFA1E891BCDE31500BDBB17 /* Project object */;
}
